{
  "nodes": {
    "ags": {
      "inputs": {
        "dongsu8142-nur": "dongsu8142-nur",
        "nixpkgs": [
          "nixpkgs"
        ]
      },
      "locked": {
        "lastModified": 1693324322,
        "narHash": "sha256-qVFfXI7jsIXXrQx4aLptmgTzxFBwXbz2PPFtbpAx9SU=",
        "owner": "Aylur",
        "repo": "ags",
        "rev": "3023967ca8717db819aba5ed5c2e17ee606b5190",
        "type": "github"
      },
      "original": {
        "owner": "Aylur",
        "repo": "ags",
        "type": "github"
      }
    },
    "crane": {
      "inputs": {
        "flake-compat": "flake-compat",
        "flake-utils": "flake-utils",
        "nixpkgs": [
          "hyprsome",
          "nixpkgs"
        ],
        "rust-overlay": "rust-overlay"
      },
      "locked": {
        "lastModified": 1684981077,
        "narHash": "sha256-68X9cFm0RTZm8u0rXPbeBzOVUH5OoUGAfeHHVoxGd9o=",
        "owner": "ipetkov",
        "repo": "crane",
        "rev": "35110cccf28823320f4fd697fcafcb5038683982",
        "type": "github"
      },
      "original": {
        "owner": "ipetkov",
        "repo": "crane",
        "type": "github"
      }
    },
    "dongsu8142-nur": {
      "inputs": {
        "nixpkgs": [
          "ags",
          "nixpkgs"
        ]
      },
      "locked": {
        "lastModified": 1690083492,
        "narHash": "sha256-UoIG+sl44U38FTmM2+m4X2Qi5aivjITcUxAkVHouZl4=",
        "owner": "dongsu8142",
        "repo": "nur",
        "rev": "7f5c7067a482e96fe3787e07a54e21041a4d15c0",
        "type": "github"
      },
      "original": {
        "owner": "dongsu8142",
        "repo": "nur",
        "type": "github"
      }
    },
    "flake-compat": {
      "flake": false,
      "locked": {
        "lastModified": 1673956053,
        "narHash": "sha256-4gtG9iQuiKITOjNQQeQIpoIB6b16fm+504Ch3sNKLd8=",
        "owner": "edolstra",
        "repo": "flake-compat",
        "rev": "35bb57c0c8d8b62bbfd284272c928ceb64ddbde9",
        "type": "github"
      },
      "original": {
        "owner": "edolstra",
        "repo": "flake-compat",
        "type": "github"
      }
    },
    "flake-utils": {
      "inputs": {
        "systems": "systems_3"
      },
      "locked": {
        "lastModified": 1681202837,
        "narHash": "sha256-H+Rh19JDwRtpVPAWp64F+rlEtxUWBAQW28eAi3SRSzg=",
        "owner": "numtide",
        "repo": "flake-utils",
        "rev": "cfacdce06f30d2b68473a46042957675eebb3401",
        "type": "github"
      },
      "original": {
        "owner": "numtide",
        "repo": "flake-utils",
        "type": "github"
      }
    },
    "flake-utils_2": {
      "inputs": {
        "systems": "systems_4"
      },
      "locked": {
        "lastModified": 1685518550,
        "narHash": "sha256-o2d0KcvaXzTrPRIo0kOLV0/QXHhDQ5DTi+OxcjO8xqY=",
        "owner": "numtide",
        "repo": "flake-utils",
        "rev": "a1720a10a6cfe8234c0e93907ffe81be440f4cef",
        "type": "github"
      },
      "original": {
        "owner": "numtide",
        "repo": "flake-utils",
        "type": "github"
      }
    },
    "gomod2nix": {
      "inputs": {
        "nixpkgs": [
          "gophrland",
          "nixpkgs"
        ],
        "utils": [
          "gophrland",
          "utils"
        ]
      },
      "locked": {
        "lastModified": 1677459247,
        "narHash": "sha256-JbakfAiPYmCCV224yAMq/XO0udN5coWv/oazblMKdoY=",
        "owner": "nix-community",
        "repo": "gomod2nix",
        "rev": "3cbf3a51fe32e2f57af4c52744e7228bab22983d",
        "type": "github"
      },
      "original": {
        "owner": "nix-community",
        "repo": "gomod2nix",
        "type": "github"
      }
    },
    "gophrland": {
      "inputs": {
        "gomod2nix": "gomod2nix",
        "nixpkgs": [
          "nixpkgs"
        ],
        "utils": "utils"
      },
      "locked": {
        "lastModified": 1692451087,
        "narHash": "sha256-dxKiGosHVkxi9LAFpmIdXLwx0WIW/jzKROsdsZv3Ifs=",
        "owner": "edjubert",
        "repo": "gophrland",
        "rev": "84fe59a94b9f2c0e53500f35c92589e21ac938ac",
        "type": "github"
      },
      "original": {
        "owner": "edjubert",
        "repo": "gophrland",
        "type": "github"
      }
    },
    "home-manager": {
      "inputs": {
        "nixpkgs": [
          "nixpkgs"
        ]
      },
      "locked": {
        "lastModified": 1696145345,
        "narHash": "sha256-3dM7I/d4751SLPJah0to1WBlWiyzIiuCEUwJqwBdmr4=",
        "owner": "nix-community",
        "repo": "home-manager",
        "rev": "6f9b5b83ad1f470b3d11b8a9fe1d5ef68c7d0e30",
        "type": "github"
      },
      "original": {
        "owner": "nix-community",
        "repo": "home-manager",
        "type": "github"
      }
    },
    "hyprland": {
      "inputs": {
        "hyprland-protocols": "hyprland-protocols",
        "nixpkgs": [
          "nixpkgs"
        ],
        "systems": "systems_2",
        "wlroots": "wlroots",
        "xdph": "xdph"
      },
      "locked": {
        "lastModified": 1695650428,
        "narHash": "sha256-gAUMixbeGqRjmh1IK3N6ffEcLiG5NxQNvxBjTVbpbFA=",
        "owner": "hyprwm",
        "repo": "Hyprland",
        "rev": "ffacd2efd1ca7fdf364a519c9d8d8644da28412b",
        "type": "github"
      },
      "original": {
        "owner": "hyprwm",
        "repo": "Hyprland",
        "type": "github"
      }
    },
    "hyprland-protocols": {
      "inputs": {
        "nixpkgs": [
          "hyprland",
          "nixpkgs"
        ]
      },
      "locked": {
        "lastModified": 1681065697,
        "narHash": "sha256-QPzwwlGKX95tl6ZEshboZbEwwAXww6lNLdVYd6T9Mrc=",
        "owner": "hyprwm",
        "repo": "hyprland-protocols",
        "rev": "4d29e48433270a2af06b8bc711ca1fe5109746cd",
        "type": "github"
      },
      "original": {
        "owner": "hyprwm",
        "repo": "hyprland-protocols",
        "type": "github"
      }
    },
    "hyprsome": {
      "inputs": {
        "crane": "crane",
        "flake-utils": "flake-utils_2",
        "nixpkgs": [
          "nixpkgs"
        ]
      },
      "locked": {
        "lastModified": 1686251294,
        "narHash": "sha256-f4Z5gXZ74uAe770guywGIznXiI/3a/617MD2uZNQNVA=",
        "owner": "sopa0",
        "repo": "hyprsome",
        "rev": "9636be05ef20fbe473709cc3913b5bbf735eb4f3",
        "type": "github"
      },
      "original": {
        "owner": "sopa0",
        "repo": "hyprsome",
        "type": "github"
      }
    },
    "nixpkgs": {
      "locked": {
        "lastModified": 1696019113,
        "narHash": "sha256-X3+DKYWJm93DRSdC5M6K5hLqzSya9BjibtBsuARoPco=",
        "owner": "nixos",
        "repo": "nixpkgs",
        "rev": "f5892ddac112a1e9b3612c39af1b72987ee5783a",
        "type": "github"
      },
      "original": {
        "owner": "nixos",
        "ref": "nixos-unstable",
        "repo": "nixpkgs",
        "type": "github"
      }
    },
    "root": {
      "inputs": {
        "ags": "ags",
        "gophrland": "gophrland",
        "home-manager": "home-manager",
        "hyprland": "hyprland",
        "hyprsome": "hyprsome",
        "nixpkgs": "nixpkgs"
      }
    },
    "rust-overlay": {
      "inputs": {
        "flake-utils": [
          "hyprsome",
          "crane",
          "flake-utils"
        ],
        "nixpkgs": [
          "hyprsome",
          "crane",
          "nixpkgs"
        ]
      },
      "locked": {
        "lastModified": 1683080331,
        "narHash": "sha256-nGDvJ1DAxZIwdn6ww8IFwzoHb2rqBP4wv/65Wt5vflk=",
        "owner": "oxalica",
        "repo": "rust-overlay",
        "rev": "d59c3fa0cba8336e115b376c2d9e91053aa59e56",
        "type": "github"
      },
      "original": {
        "owner": "oxalica",
        "repo": "rust-overlay",
        "type": "github"
      }
    },
    "systems": {
      "locked": {
        "lastModified": 1681028828,
        "narHash": "sha256-Vy1rq5AaRuLzOxct8nz4T6wlgyUR7zLU309k9mBC768=",
        "owner": "nix-systems",
        "repo": "default",
        "rev": "da67096a3b9bf56a91d16901293e51ba5b49a27e",
        "type": "github"
      },
      "original": {
        "owner": "nix-systems",
        "repo": "default",
        "type": "github"
      }
    },
    "systems_2": {
      "locked": {
        "lastModified": 1689347949,
        "narHash": "sha256-12tWmuL2zgBgZkdoB6qXZsgJEH9LR3oUgpaQq2RbI80=",
        "owner": "nix-systems",
        "repo": "default-linux",
        "rev": "31732fcf5e8fea42e59c2488ad31a0e651500f68",
        "type": "github"
      },
      "original": {
        "owner": "nix-systems",
        "repo": "default-linux",
        "type": "github"
      }
    },
    "systems_3": {
      "locked": {
        "lastModified": 1681028828,
        "narHash": "sha256-Vy1rq5AaRuLzOxct8nz4T6wlgyUR7zLU309k9mBC768=",
        "owner": "nix-systems",
        "repo": "default",
        "rev": "da67096a3b9bf56a91d16901293e51ba5b49a27e",
        "type": "github"
      },
      "original": {
        "owner": "nix-systems",
        "repo": "default",
        "type": "github"
      }
    },
    "systems_4": {
      "locked": {
        "lastModified": 1681028828,
        "narHash": "sha256-Vy1rq5AaRuLzOxct8nz4T6wlgyUR7zLU309k9mBC768=",
        "owner": "nix-systems",
        "repo": "default",
        "rev": "da67096a3b9bf56a91d16901293e51ba5b49a27e",
        "type": "github"
      },
      "original": {
        "owner": "nix-systems",
        "repo": "default",
        "type": "github"
      }
    },
    "utils": {
      "inputs": {
        "systems": "systems"
      },
      "locked": {
        "lastModified": 1689068808,
        "narHash": "sha256-6ixXo3wt24N/melDWjq70UuHQLxGV8jZvooRanIHXw0=",
        "owner": "numtide",
        "repo": "flake-utils",
        "rev": "919d646de7be200f3bf08cb76ae1f09402b6f9b4",
        "type": "github"
      },
      "original": {
        "owner": "numtide",
        "repo": "flake-utils",
        "type": "github"
      }
    },
    "wlroots": {
      "flake": false,
      "locked": {
        "host": "gitlab.freedesktop.org",
        "lastModified": 1695277534,
        "narHash": "sha256-LEIUGXvKR5DYFQUTavC3yifcObvG4XZUUHfxXmu8nEM=",
        "owner": "wlroots",
        "repo": "wlroots",
        "rev": "98a745d926d8048bc30aef11b421df207a01c279",
        "type": "gitlab"
      },
      "original": {
        "host": "gitlab.freedesktop.org",
        "owner": "wlroots",
        "repo": "wlroots",
        "rev": "98a745d926d8048bc30aef11b421df207a01c279",
        "type": "gitlab"
      }
    },
    "xdph": {
      "inputs": {
        "hyprland-protocols": [
          "hyprland",
          "hyprland-protocols"
        ],
        "nixpkgs": [
          "hyprland",
          "nixpkgs"
        ]
      },
      "locked": {
        "lastModified": 1681127512,
        "narHash": "sha256-vklOOhBj5W8fii6yN4L2WY5ZeifBmsq3+mJ2wC1Pk9U=",
        "owner": "hyprwm",
        "repo": "xdg-desktop-portal-hyprland",
        "rev": "04f579377a32781ce57c9cf4ba2a5bcb7f53fa97",
        "type": "github"
      },
      "original": {
        "owner": "hyprwm",
        "repo": "xdg-desktop-portal-hyprland",
        "type": "github"
      }
    }
  },
  "root": "root",
  "version": 7
}
